// !$*UTF8*$!
{
	archiveVersion = 1;
	classes = {
	};
	objectVersion = 50;
	objects = {

/* Begin PBXBuildFile section */
		0DD16B160FAD65E82A2130FD /* Pods_testUITests.framework in Frameworks */ = {isa = PBXBuildFile; fileRef = 7180CA367E8EAC6F7232F3D0 /* Pods_testUITests.framework */; };
		2D599CD959A5EA1DC84F8C1E /* Pods_testTests.framework in Frameworks */ = {isa = PBXBuildFile; fileRef = 99614D2D7780B752340B8F10 /* Pods_testTests.framework */; };
		5DF29300225B1F52008D12D4 /* AppDelegate.swift in Sources */ = {isa = PBXBuildFile; fileRef = 5DF292FF225B1F52008D12D4 /* AppDelegate.swift */; };
		5DF29302225B1F52008D12D4 /* ViewController.swift in Sources */ = {isa = PBXBuildFile; fileRef = 5DF29301225B1F52008D12D4 /* ViewController.swift */; };
		5DF29305225B1F52008D12D4 /* Main.storyboard in Resources */ = {isa = PBXBuildFile; fileRef = 5DF29303225B1F52008D12D4 /* Main.storyboard */; };
		5DF29307225B1F53008D12D4 /* Assets.xcassets in Resources */ = {isa = PBXBuildFile; fileRef = 5DF29306225B1F53008D12D4 /* Assets.xcassets */; };
		5DF2930A225B1F53008D12D4 /* LaunchScreen.storyboard in Resources */ = {isa = PBXBuildFile; fileRef = 5DF29308225B1F53008D12D4 /* LaunchScreen.storyboard */; };
		5DF29315225B1F53008D12D4 /* testTests.swift in Sources */ = {isa = PBXBuildFile; fileRef = 5DF29314225B1F53008D12D4 /* testTests.swift */; };
		5DF29320225B1F53008D12D4 /* testUITests.swift in Sources */ = {isa = PBXBuildFile; fileRef = 5DF2931F225B1F53008D12D4 /* testUITests.swift */; };
		5DF2932E225B2706008D12D4 /* Event.swift in Sources */ = {isa = PBXBuildFile; fileRef = 5DF2932D225B2706008D12D4 /* Event.swift */; };
		5DF29330225B3B24008D12D4 /* EventViewController.swift in Sources */ = {isa = PBXBuildFile; fileRef = 5DF2932F225B3B24008D12D4 /* EventViewController.swift */; };
		742D6FA9A5929D4917F80971 /* Pods_test.framework in Frameworks */ = {isa = PBXBuildFile; fileRef = 036AA09994B4C6092884ABA9 /* Pods_test.framework */; };
/* End PBXBuildFile section */

/* Begin PBXContainerItemProxy section */
		5DF29311225B1F53008D12D4 /* PBXContainerItemProxy */ = {
			isa = PBXContainerItemProxy;
			containerPortal = 5DF292F4225B1F52008D12D4 /* Project object */;
			proxyType = 1;
			remoteGlobalIDString = 5DF292FB225B1F52008D12D4;
			remoteInfo = test;
		};
		5DF2931C225B1F53008D12D4 /* PBXContainerItemProxy */ = {
			isa = PBXContainerItemProxy;
			containerPortal = 5DF292F4225B1F52008D12D4 /* Project object */;
			proxyType = 1;
			remoteGlobalIDString = 5DF292FB225B1F52008D12D4;
			remoteInfo = test;
		};
/* End PBXContainerItemProxy section */

/* Begin PBXFileReference section */
		036AA09994B4C6092884ABA9 /* Pods_test.framework */ = {isa = PBXFileReference; explicitFileType = wrapper.framework; includeInIndex = 0; path = Pods_test.framework; sourceTree = BUILT_PRODUCTS_DIR; };
		2E4FD6942D88936138D846F2 /* Pods-testTests.debug.xcconfig */ = {isa = PBXFileReference; includeInIndex = 1; lastKnownFileType = text.xcconfig; name = "Pods-testTests.debug.xcconfig"; path = "Target Support Files/Pods-testTests/Pods-testTests.debug.xcconfig"; sourceTree = "<group>"; };
		30BE600FD75BA468E8EC1E81 /* Pods-test.debug.xcconfig */ = {isa = PBXFileReference; includeInIndex = 1; lastKnownFileType = text.xcconfig; name = "Pods-test.debug.xcconfig"; path = "Target Support Files/Pods-test/Pods-test.debug.xcconfig"; sourceTree = "<group>"; };
		5DF292FC225B1F52008D12D4 /* test.app */ = {isa = PBXFileReference; explicitFileType = wrapper.application; includeInIndex = 0; path = test.app; sourceTree = BUILT_PRODUCTS_DIR; };
		5DF292FF225B1F52008D12D4 /* AppDelegate.swift */ = {isa = PBXFileReference; lastKnownFileType = sourcecode.swift; path = AppDelegate.swift; sourceTree = "<group>"; };
		5DF29301225B1F52008D12D4 /* ViewController.swift */ = {isa = PBXFileReference; lastKnownFileType = sourcecode.swift; path = ViewController.swift; sourceTree = "<group>"; };
		5DF29304225B1F52008D12D4 /* Base */ = {isa = PBXFileReference; lastKnownFileType = file.storyboard; name = Base; path = Base.lproj/Main.storyboard; sourceTree = "<group>"; };
		5DF29306225B1F53008D12D4 /* Assets.xcassets */ = {isa = PBXFileReference; lastKnownFileType = folder.assetcatalog; path = Assets.xcassets; sourceTree = "<group>"; };
		5DF29309225B1F53008D12D4 /* Base */ = {isa = PBXFileReference; lastKnownFileType = file.storyboard; name = Base; path = Base.lproj/LaunchScreen.storyboard; sourceTree = "<group>"; };
		5DF2930B225B1F53008D12D4 /* Info.plist */ = {isa = PBXFileReference; lastKnownFileType = text.plist.xml; path = Info.plist; sourceTree = "<group>"; };
		5DF29310225B1F53008D12D4 /* testTests.xctest */ = {isa = PBXFileReference; explicitFileType = wrapper.cfbundle; includeInIndex = 0; path = testTests.xctest; sourceTree = BUILT_PRODUCTS_DIR; };
		5DF29314225B1F53008D12D4 /* testTests.swift */ = {isa = PBXFileReference; lastKnownFileType = sourcecode.swift; path = testTests.swift; sourceTree = "<group>"; };
		5DF29316225B1F53008D12D4 /* Info.plist */ = {isa = PBXFileReference; lastKnownFileType = text.plist.xml; path = Info.plist; sourceTree = "<group>"; };
		5DF2931B225B1F53008D12D4 /* testUITests.xctest */ = {isa = PBXFileReference; explicitFileType = wrapper.cfbundle; includeInIndex = 0; path = testUITests.xctest; sourceTree = BUILT_PRODUCTS_DIR; };
		5DF2931F225B1F53008D12D4 /* testUITests.swift */ = {isa = PBXFileReference; lastKnownFileType = sourcecode.swift; path = testUITests.swift; sourceTree = "<group>"; };
		5DF29321225B1F53008D12D4 /* Info.plist */ = {isa = PBXFileReference; lastKnownFileType = text.plist.xml; path = Info.plist; sourceTree = "<group>"; };
		5DF2932D225B2706008D12D4 /* Event.swift */ = {isa = PBXFileReference; lastKnownFileType = sourcecode.swift; path = Event.swift; sourceTree = "<group>"; };
		5DF2932F225B3B24008D12D4 /* EventViewController.swift */ = {isa = PBXFileReference; lastKnownFileType = sourcecode.swift; path = EventViewController.swift; sourceTree = "<group>"; };
		7180CA367E8EAC6F7232F3D0 /* Pods_testUITests.framework */ = {isa = PBXFileReference; explicitFileType = wrapper.framework; includeInIndex = 0; path = Pods_testUITests.framework; sourceTree = BUILT_PRODUCTS_DIR; };
		8CA5633CC90938FFC1A45F24 /* Pods-testUITests.release.xcconfig */ = {isa = PBXFileReference; includeInIndex = 1; lastKnownFileType = text.xcconfig; name = "Pods-testUITests.release.xcconfig"; path = "Target Support Files/Pods-testUITests/Pods-testUITests.release.xcconfig"; sourceTree = "<group>"; };
		90ED0139DEB204DB71C29ED3 /* Pods-testTests.release.xcconfig */ = {isa = PBXFileReference; includeInIndex = 1; lastKnownFileType = text.xcconfig; name = "Pods-testTests.release.xcconfig"; path = "Target Support Files/Pods-testTests/Pods-testTests.release.xcconfig"; sourceTree = "<group>"; };
		99614D2D7780B752340B8F10 /* Pods_testTests.framework */ = {isa = PBXFileReference; explicitFileType = wrapper.framework; includeInIndex = 0; path = Pods_testTests.framework; sourceTree = BUILT_PRODUCTS_DIR; };
		AEADA98C565397CB3E758B17 /* Pods-testUITests.debug.xcconfig */ = {isa = PBXFileReference; includeInIndex = 1; lastKnownFileType = text.xcconfig; name = "Pods-testUITests.debug.xcconfig"; path = "Target Support Files/Pods-testUITests/Pods-testUITests.debug.xcconfig"; sourceTree = "<group>"; };
		ECE4C964984ECCD1EBBA3E41 /* Pods-test.release.xcconfig */ = {isa = PBXFileReference; includeInIndex = 1; lastKnownFileType = text.xcconfig; name = "Pods-test.release.xcconfig"; path = "Target Support Files/Pods-test/Pods-test.release.xcconfig"; sourceTree = "<group>"; };
/* End PBXFileReference section */

/* Begin PBXFrameworksBuildPhase section */
		5DF292F9225B1F52008D12D4 /* Frameworks */ = {
			isa = PBXFrameworksBuildPhase;
			buildActionMask = 2147483647;
			files = (
				742D6FA9A5929D4917F80971 /* Pods_test.framework in Frameworks */,
			);
			runOnlyForDeploymentPostprocessing = 0;
		};
		5DF2930D225B1F53008D12D4 /* Frameworks */ = {
			isa = PBXFrameworksBuildPhase;
			buildActionMask = 2147483647;
			files = (
				2D599CD959A5EA1DC84F8C1E /* Pods_testTests.framework in Frameworks */,
			);
			runOnlyForDeploymentPostprocessing = 0;
		};
		5DF29318225B1F53008D12D4 /* Frameworks */ = {
			isa = PBXFrameworksBuildPhase;
			buildActionMask = 2147483647;
			files = (
				0DD16B160FAD65E82A2130FD /* Pods_testUITests.framework in Frameworks */,
			);
			runOnlyForDeploymentPostprocessing = 0;
		};
/* End PBXFrameworksBuildPhase section */

/* Begin PBXGroup section */
		4B1906A1F7584EB50927C38F /* Pods */ = {
			isa = PBXGroup;
			children = (
				30BE600FD75BA468E8EC1E81 /* Pods-test.debug.xcconfig */,
				ECE4C964984ECCD1EBBA3E41 /* Pods-test.release.xcconfig */,
				2E4FD6942D88936138D846F2 /* Pods-testTests.debug.xcconfig */,
				90ED0139DEB204DB71C29ED3 /* Pods-testTests.release.xcconfig */,
				AEADA98C565397CB3E758B17 /* Pods-testUITests.debug.xcconfig */,
				8CA5633CC90938FFC1A45F24 /* Pods-testUITests.release.xcconfig */,
			);
			path = Pods;
			sourceTree = "<group>";
		};
		5DF292F3225B1F52008D12D4 = {
			isa = PBXGroup;
			children = (
				5DF292FE225B1F52008D12D4 /* test */,
				5DF29313225B1F53008D12D4 /* testTests */,
				5DF2931E225B1F53008D12D4 /* testUITests */,
				5DF292FD225B1F52008D12D4 /* Products */,
				4B1906A1F7584EB50927C38F /* Pods */,
				EF5C534A303D66BEB2081DE6 /* Frameworks */,
			);
			sourceTree = "<group>";
		};
		5DF292FD225B1F52008D12D4 /* Products */ = {
			isa = PBXGroup;
			children = (
				5DF292FC225B1F52008D12D4 /* test.app */,
				5DF29310225B1F53008D12D4 /* testTests.xctest */,
				5DF2931B225B1F53008D12D4 /* testUITests.xctest */,
			);
			name = Products;
			sourceTree = "<group>";
		};
		5DF292FE225B1F52008D12D4 /* test */ = {
			isa = PBXGroup;
			children = (
				5DF292FF225B1F52008D12D4 /* AppDelegate.swift */,
				5DF29301225B1F52008D12D4 /* ViewController.swift */,
				5DF2932F225B3B24008D12D4 /* EventViewController.swift */,
				5DF2932D225B2706008D12D4 /* Event.swift */,
				5DF29303225B1F52008D12D4 /* Main.storyboard */,
				5DF29306225B1F53008D12D4 /* Assets.xcassets */,
				5DF29308225B1F53008D12D4 /* LaunchScreen.storyboard */,
				5DF2930B225B1F53008D12D4 /* Info.plist */,
			);
			path = test;
			sourceTree = "<group>";
		};
		5DF29313225B1F53008D12D4 /* testTests */ = {
			isa = PBXGroup;
			children = (
				5DF29314225B1F53008D12D4 /* testTests.swift */,
				5DF29316225B1F53008D12D4 /* Info.plist */,
			);
			path = testTests;
			sourceTree = "<group>";
		};
		5DF2931E225B1F53008D12D4 /* testUITests */ = {
			isa = PBXGroup;
			children = (
				5DF2931F225B1F53008D12D4 /* testUITests.swift */,
				5DF29321225B1F53008D12D4 /* Info.plist */,
			);
			path = testUITests;
			sourceTree = "<group>";
		};
		EF5C534A303D66BEB2081DE6 /* Frameworks */ = {
			isa = PBXGroup;
			children = (
				036AA09994B4C6092884ABA9 /* Pods_test.framework */,
				99614D2D7780B752340B8F10 /* Pods_testTests.framework */,
				7180CA367E8EAC6F7232F3D0 /* Pods_testUITests.framework */,
			);
			name = Frameworks;
			sourceTree = "<group>";
		};
/* End PBXGroup section */

/* Begin PBXNativeTarget section */
		5DF292FB225B1F52008D12D4 /* test */ = {
			isa = PBXNativeTarget;
			buildConfigurationList = 5DF29324225B1F53008D12D4 /* Build configuration list for PBXNativeTarget "test" */;
			buildPhases = (
				F2C2878CC7FD0B472F8E8E02 /* [CP] Check Pods Manifest.lock */,
				5DF292F8225B1F52008D12D4 /* Sources */,
				5DF292F9225B1F52008D12D4 /* Frameworks */,
				5DF292FA225B1F52008D12D4 /* Resources */,
				185AB4B1D583BE42E63C5A1C /* [CP] Embed Pods Frameworks */,
			);
			buildRules = (
			);
			dependencies = (
			);
			name = test;
			productName = test;
			productReference = 5DF292FC225B1F52008D12D4 /* test.app */;
			productType = "com.apple.product-type.application";
		};
		5DF2930F225B1F53008D12D4 /* testTests */ = {
			isa = PBXNativeTarget;
			buildConfigurationList = 5DF29327225B1F53008D12D4 /* Build configuration list for PBXNativeTarget "testTests" */;
			buildPhases = (
				1A66B0954CE937F8CF870587 /* [CP] Check Pods Manifest.lock */,
				5DF2930C225B1F53008D12D4 /* Sources */,
				5DF2930D225B1F53008D12D4 /* Frameworks */,
				5DF2930E225B1F53008D12D4 /* Resources */,
			);
			buildRules = (
			);
			dependencies = (
				5DF29312225B1F53008D12D4 /* PBXTargetDependency */,
			);
			name = testTests;
			productName = testTests;
			productReference = 5DF29310225B1F53008D12D4 /* testTests.xctest */;
			productType = "com.apple.product-type.bundle.unit-test";
		};
		5DF2931A225B1F53008D12D4 /* testUITests */ = {
			isa = PBXNativeTarget;
			buildConfigurationList = 5DF2932A225B1F53008D12D4 /* Build configuration list for PBXNativeTarget "testUITests" */;
			buildPhases = (
				0C428049E3ABF3D4F95E08B0 /* [CP] Check Pods Manifest.lock */,
				5DF29317225B1F53008D12D4 /* Sources */,
				5DF29318225B1F53008D12D4 /* Frameworks */,
				5DF29319225B1F53008D12D4 /* Resources */,
			);
			buildRules = (
			);
			dependencies = (
				5DF2931D225B1F53008D12D4 /* PBXTargetDependency */,
			);
			name = testUITests;
			productName = testUITests;
			productReference = 5DF2931B225B1F53008D12D4 /* testUITests.xctest */;
			productType = "com.apple.product-type.bundle.ui-testing";
		};
/* End PBXNativeTarget section */

/* Begin PBXProject section */
		5DF292F4225B1F52008D12D4 /* Project object */ = {
			isa = PBXProject;
			attributes = {
				LastSwiftUpdateCheck = 1020;
				LastUpgradeCheck = 1020;
				ORGANIZATIONNAME = "滝浪翔太";
				TargetAttributes = {
					5DF292FB225B1F52008D12D4 = {
						CreatedOnToolsVersion = 10.2;
					};
					5DF2930F225B1F53008D12D4 = {
						CreatedOnToolsVersion = 10.2;
						TestTargetID = 5DF292FB225B1F52008D12D4;
					};
					5DF2931A225B1F53008D12D4 = {
						CreatedOnToolsVersion = 10.2;
						TestTargetID = 5DF292FB225B1F52008D12D4;
					};
				};
			};
			buildConfigurationList = 5DF292F7225B1F52008D12D4 /* Build configuration list for PBXProject "test" */;
			compatibilityVersion = "Xcode 9.3";
			developmentRegion = en;
			hasScannedForEncodings = 0;
			knownRegions = (
				en,
				Base,
			);
			mainGroup = 5DF292F3225B1F52008D12D4;
			productRefGroup = 5DF292FD225B1F52008D12D4 /* Products */;
			projectDirPath = "";
			projectRoot = "";
			targets = (
				5DF292FB225B1F52008D12D4 /* test */,
				5DF2930F225B1F53008D12D4 /* testTests */,
				5DF2931A225B1F53008D12D4 /* testUITests */,
			);
		};
/* End PBXProject section */

/* Begin PBXResourcesBuildPhase section */
		5DF292FA225B1F52008D12D4 /* Resources */ = {
			isa = PBXResourcesBuildPhase;
			buildActionMask = 2147483647;
			files = (
				5DF2930A225B1F53008D12D4 /* LaunchScreen.storyboard in Resources */,
				5DF29307225B1F53008D12D4 /* Assets.xcassets in Resources */,
				5DF29305225B1F52008D12D4 /* Main.storyboard in Resources */,
			);
			runOnlyForDeploymentPostprocessing = 0;
		};
		5DF2930E225B1F53008D12D4 /* Resources */ = {
			isa = PBXResourcesBuildPhase;
			buildActionMask = 2147483647;
			files = (
			);
			runOnlyForDeploymentPostprocessing = 0;
		};
		5DF29319225B1F53008D12D4 /* Resources */ = {
			isa = PBXResourcesBuildPhase;
			buildActionMask = 2147483647;
			files = (
			);
			runOnlyForDeploymentPostprocessing = 0;
		};
/* End PBXResourcesBuildPhase section */

/* Begin PBXShellScriptBuildPhase section */
		0C428049E3ABF3D4F95E08B0 /* [CP] Check Pods Manifest.lock */ = {
			isa = PBXShellScriptBuildPhase;
			buildActionMask = 2147483647;
			files = (
			);
			inputFileListPaths = (
			);
			inputPaths = (
				"${PODS_PODFILE_DIR_PATH}/Podfile.lock",
				"${PODS_ROOT}/Manifest.lock",
			);
			name = "[CP] Check Pods Manifest.lock";
			outputFileListPaths = (
			);
			outputPaths = (
				"$(DERIVED_FILE_DIR)/Pods-testUITests-checkManifestLockResult.txt",
			);
			runOnlyForDeploymentPostprocessing = 0;
			shellPath = /bin/sh;
			shellScript = "diff \"${PODS_PODFILE_DIR_PATH}/Podfile.lock\" \"${PODS_ROOT}/Manifest.lock\" > /dev/null\nif [ $? != 0 ] ; then\n    # print error to STDERR\n    echo \"error: The sandbox is not in sync with the Podfile.lock. Run 'pod install' or update your CocoaPods installation.\" >&2\n    exit 1\nfi\n# This output is used by Xcode 'outputs' to avoid re-running this script phase.\necho \"SUCCESS\" > \"${SCRIPT_OUTPUT_FILE_0}\"\n";
			showEnvVarsInLog = 0;
		};
		185AB4B1D583BE42E63C5A1C /* [CP] Embed Pods Frameworks */ = {
			isa = PBXShellScriptBuildPhase;
			buildActionMask = 2147483647;
			files = (
			);
			inputFileListPaths = (
			);
			inputPaths = (
				"${PODS_ROOT}/Target Support Files/Pods-test/Pods-test-frameworks.sh",
				"${BUILT_PRODUCTS_DIR}/CalculateCalendarLogic/CalculateCalendarLogic.framework",
				"${BUILT_PRODUCTS_DIR}/FSCalendar/FSCalendar.framework",
				"${BUILT_PRODUCTS_DIR}/Realm/Realm.framework",
				"${BUILT_PRODUCTS_DIR}/RealmSwift/RealmSwift.framework",
			);
			name = "[CP] Embed Pods Frameworks";
			outputFileListPaths = (
			);
			outputPaths = (
				"${TARGET_BUILD_DIR}/${FRAMEWORKS_FOLDER_PATH}/CalculateCalendarLogic.framework",
				"${TARGET_BUILD_DIR}/${FRAMEWORKS_FOLDER_PATH}/FSCalendar.framework",
				"${TARGET_BUILD_DIR}/${FRAMEWORKS_FOLDER_PATH}/Realm.framework",
				"${TARGET_BUILD_DIR}/${FRAMEWORKS_FOLDER_PATH}/RealmSwift.framework",
			);
			runOnlyForDeploymentPostprocessing = 0;
			shellPath = /bin/sh;
			shellScript = "\"${PODS_ROOT}/Target Support Files/Pods-test/Pods-test-frameworks.sh\"\n";
			showEnvVarsInLog = 0;
		};
		1A66B0954CE937F8CF870587 /* [CP] Check Pods Manifest.lock */ = {
			isa = PBXShellScriptBuildPhase;
			buildActionMask = 2147483647;
			files = (
			);
			inputFileListPaths = (
			);
			inputPaths = (
				"${PODS_PODFILE_DIR_PATH}/Podfile.lock",
				"${PODS_ROOT}/Manifest.lock",
			);
			name = "[CP] Check Pods Manifest.lock";
			outputFileListPaths = (
			);
			outputPaths = (
				"$(DERIVED_FILE_DIR)/Pods-testTests-checkManifestLockResult.txt",
			);
			runOnlyForDeploymentPostprocessing = 0;
			shellPath = /bin/sh;
			shellScript = "diff \"${PODS_PODFILE_DIR_PATH}/Podfile.lock\" \"${PODS_ROOT}/Manifest.lock\" > /dev/null\nif [ $? != 0 ] ; then\n    # print error to STDERR\n    echo \"error: The sandbox is not in sync with the Podfile.lock. Run 'pod install' or update your CocoaPods installation.\" >&2\n    exit 1\nfi\n# This output is used by Xcode 'outputs' to avoid re-running this script phase.\necho \"SUCCESS\" > \"${SCRIPT_OUTPUT_FILE_0}\"\n";
			showEnvVarsInLog = 0;
		};
		F2C2878CC7FD0B472F8E8E02 /* [CP] Check Pods Manifest.lock */ = {
			isa = PBXShellScriptBuildPhase;
			buildActionMask = 2147483647;
			files = (
			);
			inputFileListPaths = (
			);
			inputPaths = (
				"${PODS_PODFILE_DIR_PATH}/Podfile.lock",
				"${PODS_ROOT}/Manifest.lock",
			);
			name = "[CP] Check Pods Manifest.lock";
			outputFileListPaths = (
			);
			outputPaths = (
				"$(DERIVED_FILE_DIR)/Pods-test-checkManifestLockResult.txt",
			);
			runOnlyForDeploymentPostprocessing = 0;
			shellPath = /bin/sh;
			shellScript = "diff \"${PODS_PODFILE_DIR_PATH}/Podfile.lock\" \"${PODS_ROOT}/Manifest.lock\" > /dev/null\nif [ $? != 0 ] ; then\n    # print error to STDERR\n    echo \"error: The sandbox is not in sync with the Podfile.lock. Run 'pod install' or update your CocoaPods installation.\" >&2\n    exit 1\nfi\n# This output is used by Xcode 'outputs' to avoid re-running this script phase.\necho \"SUCCESS\" > \"${SCRIPT_OUTPUT_FILE_0}\"\n";
			showEnvVarsInLog = 0;
		};
/* End PBXShellScriptBuildPhase section */

/* Begin PBXSourcesBuildPhase section */
		5DF292F8225B1F52008D12D4 /* Sources */ = {
			isa = PBXSourcesBuildPhase;
			buildActionMask = 2147483647;
			files = (
				5DF29302225B1F52008D12D4 /* ViewController.swift in Sources */,
				5DF29330225B3B24008D12D4 /* EventViewController.swift in Sources */,
				5DF2932E225B2706008D12D4 /* Event.swift in Sources */,
				5DF29300225B1F52008D12D4 /* AppDelegate.swift in Sources */,
			);
			runOnlyForDeploymentPostprocessing = 0;
		};
		5DF2930C225B1F53008D12D4 /* Sources */ = {
			isa = PBXSourcesBuildPhase;
			buildActionMask = 2147483647;
			files = (
				5DF29315225B1F53008D12D4 /* testTests.swift in Sources */,
			);
			runOnlyForDeploymentPostprocessing = 0;
		};
		5DF29317225B1F53008D12D4 /* Sources */ = {
			isa = PBXSourcesBuildPhase;
			buildActionMask = 2147483647;
			files = (
				5DF29320225B1F53008D12D4 /* testUITests.swift in Sources */,
			);
			runOnlyForDeploymentPostprocessing = 0;
		};
/* End PBXSourcesBuildPhase section */

/* Begin PBXTargetDependency section */
		5DF29312225B1F53008D12D4 /* PBXTargetDependency */ = {
			isa = PBXTargetDependency;
			target = 5DF292FB225B1F52008D12D4 /* test */;
			targetProxy = 5DF29311225B1F53008D12D4 /* PBXContainerItemProxy */;
		};
		5DF2931D225B1F53008D12D4 /* PBXTargetDependency */ = {
			isa = PBXTargetDependency;
			target = 5DF292FB225B1F52008D12D4 /* test */;
			targetProxy = 5DF2931C225B1F53008D12D4 /* PBXContainerItemProxy */;
		};
/* End PBXTargetDependency section */

/* Begin PBXVariantGroup section */
		5DF29303225B1F52008D12D4 /* Main.storyboard */ = {
			isa = PBXVariantGroup;
			children = (
				5DF29304225B1F52008D12D4 /* Base */,
			);
			name = Main.storyboard;
			sourceTree = "<group>";
		};
		5DF29308225B1F53008D12D4 /* LaunchScreen.storyboard */ = {
			isa = PBXVariantGroup;
			children = (
				5DF29309225B1F53008D12D4 /* Base */,
			);
			name = LaunchScreen.storyboard;
			sourceTree = "<group>";
		};
/* End PBXVariantGroup section */

/* Begin XCBuildConfiguration section */
		5DF29322225B1F53008D12D4 /* Debug */ = {
			isa = XCBuildConfiguration;
			buildSettings = {
				ALWAYS_SEARCH_USER_PATHS = NO;
				CLANG_ANALYZER_NONNULL = YES;
				CLANG_ANALYZER_NUMBER_OBJECT_CONVERSION = YES_AGGRESSIVE;
				CLANG_CXX_LANGUAGE_STANDARD = "gnu++14";
				CLANG_CXX_LIBRARY = "libc++";
				CLANG_ENABLE_MODULES = YES;
				CLANG_ENABLE_OBJC_ARC = YES;
				CLANG_ENABLE_OBJC_WEAK = YES;
				CLANG_WARN_BLOCK_CAPTURE_AUTORELEASING = YES;
				CLANG_WARN_BOOL_CONVERSION = YES;
				CLANG_WARN_COMMA = YES;
				CLANG_WARN_CONSTANT_CONVERSION = YES;
				CLANG_WARN_DEPRECATED_OBJC_IMPLEMENTATIONS = YES;
				CLANG_WARN_DIRECT_OBJC_ISA_USAGE = YES_ERROR;
				CLANG_WARN_DOCUMENTATION_COMMENTS = YES;
				CLANG_WARN_EMPTY_BODY = YES;
				CLANG_WARN_ENUM_CONVERSION = YES;
				CLANG_WARN_INFINITE_RECURSION = YES;
				CLANG_WARN_INT_CONVERSION = YES;
				CLANG_WARN_NON_LITERAL_NULL_CONVERSION = YES;
				CLANG_WARN_OBJC_IMPLICIT_RETAIN_SELF = YES;
				CLANG_WARN_OBJC_LITERAL_CONVERSION = YES;
				CLANG_WARN_OBJC_ROOT_CLASS = YES_ERROR;
				CLANG_WARN_RANGE_LOOP_ANALYSIS = YES;
				CLANG_WARN_STRICT_PROTOTYPES = YES;
				CLANG_WARN_SUSPICIOUS_MOVE = YES;
				CLANG_WARN_UNGUARDED_AVAILABILITY = YES_AGGRESSIVE;
				CLANG_WARN_UNREACHABLE_CODE = YES;
				CLANG_WARN__DUPLICATE_METHOD_MATCH = YES;
				CODE_SIGN_IDENTITY = "iPhone Developer";
				COPY_PHASE_STRIP = NO;
				DEBUG_INFORMATION_FORMAT = dwarf;
				ENABLE_STRICT_OBJC_MSGSEND = YES;
				ENABLE_TESTABILITY = YES;
				GCC_C_LANGUAGE_STANDARD = gnu11;
				GCC_DYNAMIC_NO_PIC = NO;
				GCC_NO_COMMON_BLOCKS = YES;
				GCC_OPTIMIZATION_LEVEL = 0;
				GCC_PREPROCESSOR_DEFINITIONS = (
					"DEBUG=1",
					"$(inherited)",
				);
				GCC_WARN_64_TO_32_BIT_CONVERSION = YES;
				GCC_WARN_ABOUT_RETURN_TYPE = YES_ERROR;
				GCC_WARN_UNDECLARED_SELECTOR = YES;
				GCC_WARN_UNINITIALIZED_AUTOS = YES_AGGRESSIVE;
				GCC_WARN_UNUSED_FUNCTION = YES;
				GCC_WARN_UNUSED_VARIABLE = YES;
				IPHONEOS_DEPLOYMENT_TARGET = 12.2;
				MTL_ENABLE_DEBUG_INFO = INCLUDE_SOURCE;
				MTL_FAST_MATH = YES;
				ONLY_ACTIVE_ARCH = YES;
				SDKROOT = iphoneos;
				SWIFT_ACTIVE_COMPILATION_CONDITIONS = DEBUG;
				SWIFT_OPTIMIZATION_LEVEL = "-Onone";
			};
			name = Debug;
		};
		5DF29323225B1F53008D12D4 /* Release */ = {
			isa = XCBuildConfiguration;
			buildSettings = {
				ALWAYS_SEARCH_USER_PATHS = NO;
				CLANG_ANALYZER_NONNULL = YES;
				CLANG_ANALYZER_NUMBER_OBJECT_CONVERSION = YES_AGGRESSIVE;
				CLANG_CXX_LANGUAGE_STANDARD = "gnu++14";
				CLANG_CXX_LIBRARY = "libc++";
				CLANG_ENABLE_MODULES = YES;
				CLANG_ENABLE_OBJC_ARC = YES;
				CLANG_ENABLE_OBJC_WEAK = YES;
				CLANG_WARN_BLOCK_CAPTURE_AUTORELEASING = YES;
				CLANG_WARN_BOOL_CONVERSION = YES;
				CLANG_WARN_COMMA = YES;
				CLANG_WARN_CONSTANT_CONVERSION = YES;
				CLANG_WARN_DEPRECATED_OBJC_IMPLEMENTATIONS = YES;
				CLANG_WARN_DIRECT_OBJC_ISA_USAGE = YES_ERROR;
				CLANG_WARN_DOCUMENTATION_COMMENTS = YES;
				CLANG_WARN_EMPTY_BODY = YES;
				CLANG_WARN_ENUM_CONVERSION = YES;
				CLANG_WARN_INFINITE_RECURSION = YES;
				CLANG_WARN_INT_CONVERSION = YES;
				CLANG_WARN_NON_LITERAL_NULL_CONVERSION = YES;
				CLANG_WARN_OBJC_IMPLICIT_RETAIN_SELF = YES;
				CLANG_WARN_OBJC_LITERAL_CONVERSION = YES;
				CLANG_WARN_OBJC_ROOT_CLASS = YES_ERROR;
				CLANG_WARN_RANGE_LOOP_ANALYSIS = YES;
				CLANG_WARN_STRICT_PROTOTYPES = YES;
				CLANG_WARN_SUSPICIOUS_MOVE = YES;
				CLANG_WARN_UNGUARDED_AVAILABILITY = YES_AGGRESSIVE;
				CLANG_WARN_UNREACHABLE_CODE = YES;
				CLANG_WARN__DUPLICATE_METHOD_MATCH = YES;
				CODE_SIGN_IDENTITY = "iPhone Developer";
				COPY_PHASE_STRIP = NO;
				DEBUG_INFORMATION_FORMAT = "dwarf-with-dsym";
				ENABLE_NS_ASSERTIONS = NO;
				ENABLE_STRICT_OBJC_MSGSEND = YES;
				GCC_C_LANGUAGE_STANDARD = gnu11;
				GCC_NO_COMMON_BLOCKS = YES;
				GCC_WARN_64_TO_32_BIT_CONVERSION = YES;
				GCC_WARN_ABOUT_RETURN_TYPE = YES_ERROR;
				GCC_WARN_UNDECLARED_SELECTOR = YES;
				GCC_WARN_UNINITIALIZED_AUTOS = YES_AGGRESSIVE;
				GCC_WARN_UNUSED_FUNCTION = YES;
				GCC_WARN_UNUSED_VARIABLE = YES;
				IPHONEOS_DEPLOYMENT_TARGET = 12.2;
				MTL_ENABLE_DEBUG_INFO = NO;
				MTL_FAST_MATH = YES;
				SDKROOT = iphoneos;
				SWIFT_COMPILATION_MODE = wholemodule;
				SWIFT_OPTIMIZATION_LEVEL = "-O";
				VALIDATE_PRODUCT = YES;
			};
			name = Release;
		};
		5DF29325225B1F53008D12D4 /* Debug */ = {
			isa = XCBuildConfiguration;
			baseConfigurationReference = 30BE600FD75BA468E8EC1E81 /* Pods-test.debug.xcconfig */;
			buildSettings = {
				ASSETCATALOG_COMPILER_APPICON_NAME = AppIcon;
				CODE_SIGN_STYLE = Automatic;
				DEVELOPMENT_TEAM = 3BFQNC3WZZ;
				INFOPLIST_FILE = test/Info.plist;
				IPHONEOS_DEPLOYMENT_TARGET = 12.1;
				LD_RUNPATH_SEARCH_PATHS = (
					"$(inherited)",
					"@executable_path/Frameworks",
				);
				PRODUCT_BUNDLE_IDENTIFIER = yotubarail.test;
				PRODUCT_NAME = "$(TARGET_NAME)";
				SWIFT_VERSION = 5.0;
				TARGETED_DEVICE_FAMILY = "1,2";
			};
			name = Debug;
		};
		5DF29326225B1F53008D12D4 /* Release */ = {
			isa = XCBuildConfiguration;
			baseConfigurationReference = ECE4C964984ECCD1EBBA3E41 /* Pods-test.release.xcconfig */;
			buildSettings = {
				ASSETCATALOG_COMPILER_APPICON_NAME = AppIcon;
				CODE_SIGN_STYLE = Automatic;
				DEVELOPMENT_TEAM = 3BFQNC3WZZ;
				INFOPLIST_FILE = test/Info.plist;
				IPHONEOS_DEPLOYMENT_TARGET = 12.1;
				LD_RUNPATH_SEARCH_PATHS = (
					"$(inherited)",
					"@executable_path/Frameworks",
				);
				PRODUCT_BUNDLE_IDENTIFIER = yotubarail.test;
				PRODUCT_NAME = "$(TARGET_NAME)";
				SWIFT_VERSION = 5.0;
				TARGETED_DEVICE_FAMILY = "1,2";
			};
			name = Release;
		};
		5DF29328225B1F53008D12D4 /* Debug */ = {
			isa = XCBuildConfiguration;
			baseConfigurationReference = 2E4FD6942D88936138D846F2 /* Pods-testTests.debug.xcconfig */;
			buildSettings = {
				ALWAYS_EMBED_SWIFT_STANDARD_LIBRARIES = YES;
				BUNDLE_LOADER = "$(TEST_HOST)";
				CODE_SIGN_STYLE = Automatic;
				INFOPLIST_FILE = testTests/Info.plist;
				LD_RUNPATH_SEARCH_PATHS = (
					"$(inherited)",
					"@executable_path/Frameworks",
					"@loader_path/Frameworks",
				);
				PRODUCT_BUNDLE_IDENTIFIER = yotubarail.testTests;
				PRODUCT_NAME = "$(TARGET_NAME)";
				SWIFT_VERSION = 5.0;
				TARGETED_DEVICE_FAMILY = "1,2";
				TEST_HOST = "$(BUILT_PRODUCTS_DIR)/test.app/test";
			};
			name = Debug;
		};
		5DF29329225B1F53008D12D4 /* Release */ = {
			isa = XCBuildConfiguration;
			baseConfigurationReference = 90ED0139DEB204DB71C29ED3 /* Pods-testTests.release.xcconfig */;
			buildSettings = {
				ALWAYS_EMBED_SWIFT_STANDARD_LIBRARIES = YES;
				BUNDLE_LOADER = "$(TEST_HOST)";
				CODE_SIGN_STYLE = Automatic;
				INFOPLIST_FILE = testTests/Info.plist;
				LD_RUNPATH_SEARCH_PATHS = (
					"$(inherited)",
					"@executable_path/Frameworks",
					"@loader_path/Frameworks",
				);
				PRODUCT_BUNDLE_IDENTIFIER = yotubarail.testTests;
				PRODUCT_NAME = "$(TARGET_NAME)";
				SWIFT_VERSION = 5.0;
				TARGETED_DEVICE_FAMILY = "1,2";
				TEST_HOST = "$(BUILT_PRODUCTS_DIR)/test.app/test";
			};
			name = Release;
		};
		5DF2932B225B1F53008D12D4 /* Debug */ = {
			isa = XCBuildConfiguration;
			baseConfigurationReference = AEADA98C565397CB3E758B17 /* Pods-testUITests.debug.xcconfig */;
			buildSettings = {
				ALWAYS_EMBED_SWIFT_STANDARD_LIBRARIES = YES;
				CODE_SIGN_STYLE = Automatic;
				INFOPLIST_FILE = testUITests/Info.plist;
				LD_RUNPATH_SEARCH_PATHS = (
					"$(inherited)",
					"@executable_path/Frameworks",
					"@loader_path/Frameworks",
				);
				PRODUCT_BUNDLE_IDENTIFIER = yotubarail.testUITests;
				PRODUCT_NAME = "$(TARGET_NAME)";
				SWIFT_VERSION = 5.0;
				TARGETED_DEVICE_FAMILY = "1,2";
				TEST_TARGET_NAME = test;
			};
			name = Debug;
		};
		5DF2932C225B1F53008D12D4 /* Release */ = {
			isa = XCBuildConfiguration;
			baseConfigurationReference = 8CA5633CC90938FFC1A45F24 /* Pods-testUITests.release.xcconfig */;
			buildSettings = {
				ALWAYS_EMBED_SWIFT_STANDARD_LIBRARIES = YES;
				CODE_SIGN_STYLE = Automatic;
				INFOPLIST_FILE = testUITests/Info.plist;
				LD_RUNPATH_SEARCH_PATHS = (
					"$(inherited)",
					"@executable_path/Frameworks",
					"@loader_path/Frameworks",
				);
				PRODUCT_BUNDLE_IDENTIFIER = yotubarail.testUITests;
				PRODUCT_NAME = "$(TARGET_NAME)";
				SWIFT_VERSION = 5.0;
				TARGETED_DEVICE_FAMILY = "1,2";
				TEST_TARGET_NAME = test;
			};
			name = Release;
		};
/* End XCBuildConfiguration section */

/* Begin XCConfigurationList section */
		5DF292F7225B1F52008D12D4 /* Build configuration list for PBXProject "test" */ = {
			isa = XCConfigurationList;
			buildConfigurations = (
				5DF29322225B1F53008D12D4 /* Debug */,
				5DF29323225B1F53008D12D4 /* Release */,
			);
			defaultConfigurationIsVisible = 0;
			defaultConfigurationName = Release;
		};
		5DF29324225B1F53008D12D4 /* Build configuration list for PBXNativeTarget "test" */ = {
			isa = XCConfigurationList;
			buildConfigurations = (
				5DF29325225B1F53008D12D4 /* Debug */,
				5DF29326225B1F53008D12D4 /* Release */,
			);
			defaultConfigurationIsVisible = 0;
			defaultConfigurationName = Release;
		};
		5DF29327225B1F53008D12D4 /* Build configuration list for PBXNativeTarget "testTests" */ = {
			isa = XCConfigurationList;
			buildConfigurations = (
				5DF29328225B1F53008D12D4 /* Debug */,
				5DF29329225B1F53008D12D4 /* Release */,
			);
			defaultConfigurationIsVisible = 0;
			defaultConfigurationName = Release;
		};
		5DF2932A225B1F53008D12D4 /* Build configuration list for PBXNativeTarget "testUITests" */ = {
			isa = XCConfigurationList;
			buildConfigurations = (
				5DF2932B225B1F53008D12D4 /* Debug */,
				5DF2932C225B1F53008D12D4 /* Release */,
			);
			defaultConfigurationIsVisible = 0;
			defaultConfigurationName = Release;
		};
/* End XCConfigurationList section */
	};
	rootObject = 5DF292F4225B1F52008D12D4 /* Project object */;
}
